
Microsoft Visual Studio Solution File, Format Version 12.00
# Visual Studio Version 17
VisualStudioVersion = 17.0.31903.59
MinimumVisualStudioVersion = 10.0.40219.1
Project("{2150E333-8FDC-42A3-9474-1A3956D46DE8}") = "src", "src", "{827E0CD3-B72D-47B6-A68D-7590B98EB39B}"
EndProject
Project("{FAE04EC0-301F-11D3-BF4B-00C04F79EFBC}") = "RakRao.Api", "src\RakRao.Api\RakRao.Api.csproj", "{6D160146-C21B-41A3-81FB-1F7570189D57}"
EndProject
Project("{FAE04EC0-301F-11D3-BF4B-00C04F79EFBC}") = "RakRao.Domain", "src\RakRao.Domain\RakRao.Domain.csproj", "{021E98F7-1171-44D4-A06E-C708079CA150}"
EndProject
Project("{FAE04EC0-301F-11D3-BF4B-00C04F79EFBC}") = "RakRao.Application", "src\RakRao.Application\RakRao.Application.csproj", "{A5119E23-F0EF-475F-AFD6-73B88F97294E}"
EndProject
Project("{FAE04EC0-301F-11D3-BF4B-00C04F79EFBC}") = "RakRao.Infrastructure", "src\RakRao.Infrastructure\RakRao.Infrastructure.csproj", "{C2F72AC3-34FC-4B68-9EB1-4CDB02F8C76D}"
EndProject
Project("{2150E333-8FDC-42A3-9474-1A3956D46DE8}") = "tests", "tests", "{0AB3BF05-4346-4AA6-1389-037BE0695223}"
EndProject
Project("{FAE04EC0-301F-11D3-BF4B-00C04F79EFBC}") = "RakRao.UnitTests", "tests\RakRao.UnitTests\RakRao.UnitTests.csproj", "{06383FE9-D69F-442A-81D6-BAFBEBE9E7CA}"
EndProject
Project("{FAE04EC0-301F-11D3-BF4B-00C04F79EFBC}") = "RakRao.IntegrationTests", "tests\RakRao.IntegrationTests\RakRao.IntegrationTests.csproj", "{EDEA9400-DFC2-479B-804E-DB72E813A514}"
EndProject
Global
	GlobalSection(SolutionConfigurationPlatforms) = preSolution
		Debug|Any CPU = Debug|Any CPU
		Debug|x64 = Debug|x64
		Debug|x86 = Debug|x86
		Release|Any CPU = Release|Any CPU
		Release|x64 = Release|x64
		Release|x86 = Release|x86
	EndGlobalSection
	GlobalSection(ProjectConfigurationPlatforms) = postSolution
		{6D160146-C21B-41A3-81FB-1F7570189D57}.Debug|Any CPU.ActiveCfg = Debug|Any CPU
		{6D160146-C21B-41A3-81FB-1F7570189D57}.Debug|Any CPU.Build.0 = Debug|Any CPU
		{6D160146-C21B-41A3-81FB-1F7570189D57}.Debug|x64.ActiveCfg = Debug|Any CPU
		{6D160146-C21B-41A3-81FB-1F7570189D57}.Debug|x64.Build.0 = Debug|Any CPU
		{6D160146-C21B-41A3-81FB-1F7570189D57}.Debug|x86.ActiveCfg = Debug|Any CPU
		{6D160146-C21B-41A3-81FB-1F7570189D57}.Debug|x86.Build.0 = Debug|Any CPU
		{6D160146-C21B-41A3-81FB-1F7570189D57}.Release|Any CPU.ActiveCfg = Release|Any CPU
		{6D160146-C21B-41A3-81FB-1F7570189D57}.Release|Any CPU.Build.0 = Release|Any CPU
		{6D160146-C21B-41A3-81FB-1F7570189D57}.Release|x64.ActiveCfg = Release|Any CPU
		{6D160146-C21B-41A3-81FB-1F7570189D57}.Release|x64.Build.0 = Release|Any CPU
		{6D160146-C21B-41A3-81FB-1F7570189D57}.Release|x86.ActiveCfg = Release|Any CPU
		{6D160146-C21B-41A3-81FB-1F7570189D57}.Release|x86.Build.0 = Release|Any CPU
		{021E98F7-1171-44D4-A06E-C708079CA150}.Debug|Any CPU.ActiveCfg = Debug|Any CPU
		{021E98F7-1171-44D4-A06E-C708079CA150}.Debug|Any CPU.Build.0 = Debug|Any CPU
		{021E98F7-1171-44D4-A06E-C708079CA150}.Debug|x64.ActiveCfg = Debug|Any CPU
		{021E98F7-1171-44D4-A06E-C708079CA150}.Debug|x64.Build.0 = Debug|Any CPU
		{021E98F7-1171-44D4-A06E-C708079CA150}.Debug|x86.ActiveCfg = Debug|Any CPU
		{021E98F7-1171-44D4-A06E-C708079CA150}.Debug|x86.Build.0 = Debug|Any CPU
		{021E98F7-1171-44D4-A06E-C708079CA150}.Release|Any CPU.ActiveCfg = Release|Any CPU
		{021E98F7-1171-44D4-A06E-C708079CA150}.Release|Any CPU.Build.0 = Release|Any CPU
		{021E98F7-1171-44D4-A06E-C708079CA150}.Release|x64.ActiveCfg = Release|Any CPU
		{021E98F7-1171-44D4-A06E-C708079CA150}.Release|x64.Build.0 = Release|Any CPU
		{021E98F7-1171-44D4-A06E-C708079CA150}.Release|x86.ActiveCfg = Release|Any CPU
		{021E98F7-1171-44D4-A06E-C708079CA150}.Release|x86.Build.0 = Release|Any CPU
		{A5119E23-F0EF-475F-AFD6-73B88F97294E}.Debug|Any CPU.ActiveCfg = Debug|Any CPU
		{A5119E23-F0EF-475F-AFD6-73B88F97294E}.Debug|Any CPU.Build.0 = Debug|Any CPU
		{A5119E23-F0EF-475F-AFD6-73B88F97294E}.Debug|x64.ActiveCfg = Debug|Any CPU
		{A5119E23-F0EF-475F-AFD6-73B88F97294E}.Debug|x64.Build.0 = Debug|Any CPU
		{A5119E23-F0EF-475F-AFD6-73B88F97294E}.Debug|x86.ActiveCfg = Debug|Any CPU
		{A5119E23-F0EF-475F-AFD6-73B88F97294E}.Debug|x86.Build.0 = Debug|Any CPU
		{A5119E23-F0EF-475F-AFD6-73B88F97294E}.Release|Any CPU.ActiveCfg = Release|Any CPU
		{A5119E23-F0EF-475F-AFD6-73B88F97294E}.Release|Any CPU.Build.0 = Release|Any CPU
		{A5119E23-F0EF-475F-AFD6-73B88F97294E}.Release|x64.ActiveCfg = Release|Any CPU
		{A5119E23-F0EF-475F-AFD6-73B88F97294E}.Release|x64.Build.0 = Release|Any CPU
		{A5119E23-F0EF-475F-AFD6-73B88F97294E}.Release|x86.ActiveCfg = Release|Any CPU
		{A5119E23-F0EF-475F-AFD6-73B88F97294E}.Release|x86.Build.0 = Release|Any CPU
		{C2F72AC3-34FC-4B68-9EB1-4CDB02F8C76D}.Debug|Any CPU.ActiveCfg = Debug|Any CPU
		{C2F72AC3-34FC-4B68-9EB1-4CDB02F8C76D}.Debug|Any CPU.Build.0 = Debug|Any CPU
		{C2F72AC3-34FC-4B68-9EB1-4CDB02F8C76D}.Debug|x64.ActiveCfg = Debug|Any CPU
		{C2F72AC3-34FC-4B68-9EB1-4CDB02F8C76D}.Debug|x64.Build.0 = Debug|Any CPU
		{C2F72AC3-34FC-4B68-9EB1-4CDB02F8C76D}.Debug|x86.ActiveCfg = Debug|Any CPU
		{C2F72AC3-34FC-4B68-9EB1-4CDB02F8C76D}.Debug|x86.Build.0 = Debug|Any CPU
		{C2F72AC3-34FC-4B68-9EB1-4CDB02F8C76D}.Release|Any CPU.ActiveCfg = Release|Any CPU
		{C2F72AC3-34FC-4B68-9EB1-4CDB02F8C76D}.Release|Any CPU.Build.0 = Release|Any CPU
		{C2F72AC3-34FC-4B68-9EB1-4CDB02F8C76D}.Release|x64.ActiveCfg = Release|Any CPU
		{C2F72AC3-34FC-4B68-9EB1-4CDB02F8C76D}.Release|x64.Build.0 = Release|Any CPU
		{C2F72AC3-34FC-4B68-9EB1-4CDB02F8C76D}.Release|x86.ActiveCfg = Release|Any CPU
		{C2F72AC3-34FC-4B68-9EB1-4CDB02F8C76D}.Release|x86.Build.0 = Release|Any CPU
		{06383FE9-D69F-442A-81D6-BAFBEBE9E7CA}.Debug|Any CPU.ActiveCfg = Debug|Any CPU
		{06383FE9-D69F-442A-81D6-BAFBEBE9E7CA}.Debug|Any CPU.Build.0 = Debug|Any CPU
		{06383FE9-D69F-442A-81D6-BAFBEBE9E7CA}.Debug|x64.ActiveCfg = Debug|Any CPU
		{06383FE9-D69F-442A-81D6-BAFBEBE9E7CA}.Debug|x64.Build.0 = Debug|Any CPU
		{06383FE9-D69F-442A-81D6-BAFBEBE9E7CA}.Debug|x86.ActiveCfg = Debug|Any CPU
		{06383FE9-D69F-442A-81D6-BAFBEBE9E7CA}.Debug|x86.Build.0 = Debug|Any CPU
		{06383FE9-D69F-442A-81D6-BAFBEBE9E7CA}.Release|Any CPU.ActiveCfg = Release|Any CPU
		{06383FE9-D69F-442A-81D6-BAFBEBE9E7CA}.Release|Any CPU.Build.0 = Release|Any CPU
		{06383FE9-D69F-442A-81D6-BAFBEBE9E7CA}.Release|x64.ActiveCfg = Release|Any CPU
		{06383FE9-D69F-442A-81D6-BAFBEBE9E7CA}.Release|x64.Build.0 = Release|Any CPU
		{06383FE9-D69F-442A-81D6-BAFBEBE9E7CA}.Release|x86.ActiveCfg = Release|Any CPU
		{06383FE9-D69F-442A-81D6-BAFBEBE9E7CA}.Release|x86.Build.0 = Release|Any CPU
		{EDEA9400-DFC2-479B-804E-DB72E813A514}.Debug|Any CPU.ActiveCfg = Debug|Any CPU
		{EDEA9400-DFC2-479B-804E-DB72E813A514}.Debug|Any CPU.Build.0 = Debug|Any CPU
		{EDEA9400-DFC2-479B-804E-DB72E813A514}.Debug|x64.ActiveCfg = Debug|Any CPU
		{EDEA9400-DFC2-479B-804E-DB72E813A514}.Debug|x64.Build.0 = Debug|Any CPU
		{EDEA9400-DFC2-479B-804E-DB72E813A514}.Debug|x86.ActiveCfg = Debug|Any CPU
		{EDEA9400-DFC2-479B-804E-DB72E813A514}.Debug|x86.Build.0 = Debug|Any CPU
		{EDEA9400-DFC2-479B-804E-DB72E813A514}.Release|Any CPU.ActiveCfg = Release|Any CPU
		{EDEA9400-DFC2-479B-804E-DB72E813A514}.Release|Any CPU.Build.0 = Release|Any CPU
		{EDEA9400-DFC2-479B-804E-DB72E813A514}.Release|x64.ActiveCfg = Release|Any CPU
		{EDEA9400-DFC2-479B-804E-DB72E813A514}.Release|x64.Build.0 = Release|Any CPU
		{EDEA9400-DFC2-479B-804E-DB72E813A514}.Release|x86.ActiveCfg = Release|Any CPU
		{EDEA9400-DFC2-479B-804E-DB72E813A514}.Release|x86.Build.0 = Release|Any CPU
	EndGlobalSection
	GlobalSection(SolutionProperties) = preSolution
		HideSolutionNode = FALSE
	EndGlobalSection
	GlobalSection(NestedProjects) = preSolution
		{6D160146-C21B-41A3-81FB-1F7570189D57} = {827E0CD3-B72D-47B6-A68D-7590B98EB39B}
		{021E98F7-1171-44D4-A06E-C708079CA150} = {827E0CD3-B72D-47B6-A68D-7590B98EB39B}
		{A5119E23-F0EF-475F-AFD6-73B88F97294E} = {827E0CD3-B72D-47B6-A68D-7590B98EB39B}
		{C2F72AC3-34FC-4B68-9EB1-4CDB02F8C76D} = {827E0CD3-B72D-47B6-A68D-7590B98EB39B}
		{06383FE9-D69F-442A-81D6-BAFBEBE9E7CA} = {0AB3BF05-4346-4AA6-1389-037BE0695223}
		{EDEA9400-DFC2-479B-804E-DB72E813A514} = {0AB3BF05-4346-4AA6-1389-037BE0695223}
	EndGlobalSection
EndGlobal
